
Microsoft Visual Studio Solution File, Format Version 12.00
# Visual Studio Version 16
VisualStudioVersion = 16.0.33529.622
MinimumVisualStudioVersion = 10.0.40219.1
Project("{FAE04EC0-301F-11D3-BF4B-00C04F79EFBC}") = "ConsoleApp1", "ConsoleApp1\ConsoleApp1.csproj", "{FCDD352A-2BCD-4B6F-9269-FFD0897121DA}"
EndProject
Global
	GlobalSection(SolutionConfigurationPlatforms) = preSolution
		Debug|Any CPU = Debug|Any CPU
		Release|Any CPU = Release|Any CPU
	EndGlobalSection
	GlobalSection(ProjectConfigurationPlatforms) = postSolution
		{FCDD352A-2BCD-4B6F-9269-FFD0897121DA}.Debug|Any CPU.ActiveCfg = Debug|Any CPU
		{FCDD352A-2BCD-4B6F-9269-FFD0897121DA}.Debug|Any CPU.Build.0 = Debug|Any CPU
		{FCDD352A-2BCD-4B6F-9269-FFD0897121DA}.Release|Any CPU.ActiveCfg = Release|Any CPU
		{FCDD352A-2BCD-4B6F-9269-FFD0897121DA}.Release|Any CPU.Build.0 = Release|Any CPU
	EndGlobalSection
	GlobalSection(SolutionProperties) = preSolution
		HideSolutionNode = FALSE
	EndGlobalSection
	GlobalSection(ExtensibilityGlobals) = postSolution
		SolutionGuid = {1AC50923-A366-41C5-AA5E-8D6E6264C067}
	EndGlobalSection
EndGlobal
